
Microsoft Visual Studio Solution File, Format Version 12.00
# Visual Studio 15
Project("{FAE04EC0-301F-11D3-BF4B-00C04F79EFBC}") = "StartActionBlueTooth", "StartActionBlueTooth.csproj", "{FB990757-1737-B2AF-10E4-27B5BBD720D4}"
EndProject
Project("{FAE04EC0-301F-11D3-BF4B-00C04F79EFBC}") = "StartActionBlueTooth.Editor", "StartActionBlueTooth.Editor.csproj", "{93413E51-8B23-FF4A-BD07-232A8A98457D}"
EndProject
Global
	GlobalSection(SolutionConfigurationPlatforms) = preSolution
		Debug|Any CPU = Debug|Any CPU
		Release|Any CPU = Release|Any CPU
	EndGlobalSection
	GlobalSection(ProjectConfigurationPlatforms) = postSolution
		{FB990757-1737-B2AF-10E4-27B5BBD720D4}.Debug|Any CPU.ActiveCfg = Debug|Any CPU
		{FB990757-1737-B2AF-10E4-27B5BBD720D4}.Debug|Any CPU.Build.0 = Debug|Any CPU
		{FB990757-1737-B2AF-10E4-27B5BBD720D4}.Release|Any CPU.ActiveCfg = Release|Any CPU
		{FB990757-1737-B2AF-10E4-27B5BBD720D4}.Release|Any CPU.Build.0 = Release|Any CPU
		{93413E51-8B23-FF4A-BD07-232A8A98457D}.Debug|Any CPU.ActiveCfg = Debug|Any CPU
		{93413E51-8B23-FF4A-BD07-232A8A98457D}.Debug|Any CPU.Build.0 = Debug|Any CPU
		{93413E51-8B23-FF4A-BD07-232A8A98457D}.Release|Any CPU.ActiveCfg = Release|Any CPU
		{93413E51-8B23-FF4A-BD07-232A8A98457D}.Release|Any CPU.Build.0 = Release|Any CPU
	EndGlobalSection
	GlobalSection(SolutionProperties) = preSolution
		HideSolutionNode = FALSE
	EndGlobalSection
EndGlobal
