
Microsoft Visual Studio Solution File, Format Version 12.00
# Visual Studio 15
Project("{FAE04EC0-301F-11D3-BF4B-00C04F79EFBC}") = "Untiy_Demo", "Assembly-CSharp.csproj", "{16CB7F7E-F0FF-E536-C097-48809945BF66}"
EndProject
Project("{FAE04EC0-301F-11D3-BF4B-00C04F79EFBC}") = "Untiy_Demo", "Assembly-CSharp-Editor.csproj", "{5BD83E2D-C8C9-9613-0E43-F1A818C5F9DF}"
EndProject
Global
	GlobalSection(SolutionConfigurationPlatforms) = preSolution
		Debug|Any CPU = Debug|Any CPU
		Release|Any CPU = Release|Any CPU
	EndGlobalSection
	GlobalSection(ProjectConfigurationPlatforms) = postSolution
		{16CB7F7E-F0FF-E536-C097-48809945BF66}.Debug|Any CPU.ActiveCfg = Debug|Any CPU
		{16CB7F7E-F0FF-E536-C097-48809945BF66}.Debug|Any CPU.Build.0 = Debug|Any CPU
		{16CB7F7E-F0FF-E536-C097-48809945BF66}.Release|Any CPU.ActiveCfg = Release|Any CPU
		{16CB7F7E-F0FF-E536-C097-48809945BF66}.Release|Any CPU.Build.0 = Release|Any CPU
		{5BD83E2D-C8C9-9613-0E43-F1A818C5F9DF}.Debug|Any CPU.ActiveCfg = Debug|Any CPU
		{5BD83E2D-C8C9-9613-0E43-F1A818C5F9DF}.Debug|Any CPU.Build.0 = Debug|Any CPU
		{5BD83E2D-C8C9-9613-0E43-F1A818C5F9DF}.Release|Any CPU.ActiveCfg = Release|Any CPU
		{5BD83E2D-C8C9-9613-0E43-F1A818C5F9DF}.Release|Any CPU.Build.0 = Release|Any CPU
	EndGlobalSection
	GlobalSection(SolutionProperties) = preSolution
		HideSolutionNode = FALSE
	EndGlobalSection
EndGlobal
